
Microsoft Visual Studio Solution File, Format Version 12.00
# Visual Studio Version 17
VisualStudioVersion = 17.7.34024.191
MinimumVisualStudioVersion = 10.0.40219.1
Project("{FAE04EC0-301F-11D3-BF4B-00C04F79EFBC}") = "XboxGamingBar", "XboxGamingBar\XboxGamingBar.csproj", "{94D05A38-04B0-4EA4-AD28-4ADFE4719E84}"
EndProject
Project("{C7167F0D-BC9F-4E6E-AFE1-012C56B48DB5}") = "XboxGamingBarPackage", "XboxGamingBarPackage\XboxGamingBarPackage.wapproj", "{597ED983-DC3B-4A0A-9023-3C8AEA2FAADA}"
EndProject
Project("{FAE04EC0-301F-11D3-BF4B-00C04F79EFBC}") = "XboxGamingBarHelper", "XboxGamingBarHelper\XboxGamingBarHelper.csproj", "{A3EDC1D2-3DFC-4956-A90C-FF274E90CCE5}"
EndProject
Project("{FAE04EC0-301F-11D3-BF4B-00C04F79EFBC}") = "Shared", "Shared\Shared.csproj", "{DAB6C52A-B200-4478-925E-FA2E05169C7E}"
EndProject
Project("{8BC9CEB8-8B4A-11D0-8D11-00A0C91BC942}") = "ADLXCSharpBind", "ADLX\Samples\csharp\ADLXCSharpBind\ADLXCSharpBind\ADLXCSharpBind.vcxproj", "{B9106003-FDC7-4318-A4C7-31C40484CD4E}"
EndProject
Global
	GlobalSection(SolutionConfigurationPlatforms) = preSolution
		Debug|x64 = Debug|x64
		Debug|x86 = Debug|x86
		Release|x64 = Release|x64
		Release|x86 = Release|x86
	EndGlobalSection
	GlobalSection(ProjectConfigurationPlatforms) = postSolution
		{94D05A38-04B0-4EA4-AD28-4ADFE4719E84}.Debug|x64.ActiveCfg = Debug|x64
		{94D05A38-04B0-4EA4-AD28-4ADFE4719E84}.Debug|x64.Build.0 = Debug|x64
		{94D05A38-04B0-4EA4-AD28-4ADFE4719E84}.Debug|x86.ActiveCfg = Debug|x86
		{94D05A38-04B0-4EA4-AD28-4ADFE4719E84}.Debug|x86.Build.0 = Debug|x86
		{94D05A38-04B0-4EA4-AD28-4ADFE4719E84}.Debug|x86.Deploy.0 = Debug|x86
		{94D05A38-04B0-4EA4-AD28-4ADFE4719E84}.Release|x64.ActiveCfg = Release|x64
		{94D05A38-04B0-4EA4-AD28-4ADFE4719E84}.Release|x64.Build.0 = Release|x64
		{94D05A38-04B0-4EA4-AD28-4ADFE4719E84}.Release|x86.ActiveCfg = Release|x86
		{94D05A38-04B0-4EA4-AD28-4ADFE4719E84}.Release|x86.Build.0 = Release|x86
		{94D05A38-04B0-4EA4-AD28-4ADFE4719E84}.Release|x86.Deploy.0 = Release|x86
		{597ED983-DC3B-4A0A-9023-3C8AEA2FAADA}.Debug|x64.ActiveCfg = Debug|x64
		{597ED983-DC3B-4A0A-9023-3C8AEA2FAADA}.Debug|x64.Build.0 = Debug|x64
		{597ED983-DC3B-4A0A-9023-3C8AEA2FAADA}.Debug|x64.Deploy.0 = Debug|x64
		{597ED983-DC3B-4A0A-9023-3C8AEA2FAADA}.Debug|x86.ActiveCfg = Debug|x86
		{597ED983-DC3B-4A0A-9023-3C8AEA2FAADA}.Debug|x86.Build.0 = Debug|x86
		{597ED983-DC3B-4A0A-9023-3C8AEA2FAADA}.Debug|x86.Deploy.0 = Debug|x86
		{597ED983-DC3B-4A0A-9023-3C8AEA2FAADA}.Release|x64.ActiveCfg = Release|x64
		{597ED983-DC3B-4A0A-9023-3C8AEA2FAADA}.Release|x64.Build.0 = Release|x64
		{597ED983-DC3B-4A0A-9023-3C8AEA2FAADA}.Release|x64.Deploy.0 = Release|x64
		{597ED983-DC3B-4A0A-9023-3C8AEA2FAADA}.Release|x86.ActiveCfg = Release|x86
		{597ED983-DC3B-4A0A-9023-3C8AEA2FAADA}.Release|x86.Build.0 = Release|x86
		{597ED983-DC3B-4A0A-9023-3C8AEA2FAADA}.Release|x86.Deploy.0 = Release|x86
		{A3EDC1D2-3DFC-4956-A90C-FF274E90CCE5}.Debug|x64.ActiveCfg = Debug|x64
		{A3EDC1D2-3DFC-4956-A90C-FF274E90CCE5}.Debug|x64.Build.0 = Debug|x64
		{A3EDC1D2-3DFC-4956-A90C-FF274E90CCE5}.Debug|x86.ActiveCfg = Debug|x86
		{A3EDC1D2-3DFC-4956-A90C-FF274E90CCE5}.Release|x64.ActiveCfg = Release|x64
		{A3EDC1D2-3DFC-4956-A90C-FF274E90CCE5}.Release|x64.Build.0 = Release|x64
		{A3EDC1D2-3DFC-4956-A90C-FF274E90CCE5}.Release|x86.ActiveCfg = Release|x86
		{DAB6C52A-B200-4478-925E-FA2E05169C7E}.Debug|x64.ActiveCfg = Debug|Any CPU
		{DAB6C52A-B200-4478-925E-FA2E05169C7E}.Debug|x64.Build.0 = Debug|Any CPU
		{DAB6C52A-B200-4478-925E-FA2E05169C7E}.Debug|x86.ActiveCfg = Debug|Any CPU
		{DAB6C52A-B200-4478-925E-FA2E05169C7E}.Debug|x86.Build.0 = Debug|Any CPU
		{DAB6C52A-B200-4478-925E-FA2E05169C7E}.Release|x64.ActiveCfg = Release|Any CPU
		{DAB6C52A-B200-4478-925E-FA2E05169C7E}.Release|x64.Build.0 = Release|Any CPU
		{DAB6C52A-B200-4478-925E-FA2E05169C7E}.Release|x86.ActiveCfg = Release|Any CPU
		{DAB6C52A-B200-4478-925E-FA2E05169C7E}.Release|x86.Build.0 = Release|Any CPU
		{B9106003-FDC7-4318-A4C7-31C40484CD4E}.Debug|x64.ActiveCfg = Debug|x64
		{B9106003-FDC7-4318-A4C7-31C40484CD4E}.Debug|x64.Build.0 = Debug|x64
		{B9106003-FDC7-4318-A4C7-31C40484CD4E}.Debug|x86.ActiveCfg = Debug|Win32
		{B9106003-FDC7-4318-A4C7-31C40484CD4E}.Debug|x86.Build.0 = Debug|Win32
		{B9106003-FDC7-4318-A4C7-31C40484CD4E}.Release|x64.ActiveCfg = Release|x64
		{B9106003-FDC7-4318-A4C7-31C40484CD4E}.Release|x64.Build.0 = Release|x64
		{B9106003-FDC7-4318-A4C7-31C40484CD4E}.Release|x86.ActiveCfg = Release|Win32
		{B9106003-FDC7-4318-A4C7-31C40484CD4E}.Release|x86.Build.0 = Release|Win32
	EndGlobalSection
	GlobalSection(SolutionProperties) = preSolution
		HideSolutionNode = FALSE
	EndGlobalSection
	GlobalSection(ExtensibilityGlobals) = postSolution
		SolutionGuid = {2961334F-3B09-4C5B-A520-C8A3C9C193EC}
	EndGlobalSection
EndGlobal
